
Microsoft Visual Studio Solution File, Format Version 12.00
# Visual Studio Version 17
VisualStudioVersion = 17.14.36717.8 d17.14
MinimumVisualStudioVersion = 10.0.40219.1
Project("{FAE04EC0-301F-11D3-BF4B-00C04F79EFBC}") = "AspTaskZero", "AspTaskZero\AspTaskZero.csproj", "{8FC85802-5FB2-42D3-8ACB-0ED3EC55A980}"
EndProject
Global
	GlobalSection(SolutionConfigurationPlatforms) = preSolution
		Debug|Any CPU = Debug|Any CPU
		Release|Any CPU = Release|Any CPU
	EndGlobalSection
	GlobalSection(ProjectConfigurationPlatforms) = postSolution
		{8FC85802-5FB2-42D3-8ACB-0ED3EC55A980}.Debug|Any CPU.ActiveCfg = Debug|Any CPU
		{8FC85802-5FB2-42D3-8ACB-0ED3EC55A980}.Debug|Any CPU.Build.0 = Debug|Any CPU
		{8FC85802-5FB2-42D3-8ACB-0ED3EC55A980}.Release|Any CPU.ActiveCfg = Release|Any CPU
		{8FC85802-5FB2-42D3-8ACB-0ED3EC55A980}.Release|Any CPU.Build.0 = Release|Any CPU
	EndGlobalSection
	GlobalSection(SolutionProperties) = preSolution
		HideSolutionNode = FALSE
	EndGlobalSection
	GlobalSection(ExtensibilityGlobals) = postSolution
		SolutionGuid = {CBABC890-E1C5-4DB7-A185-4917A85A70E8}
	EndGlobalSection
EndGlobal
